
Microsoft Visual Studio Solution File, Format Version 12.00
# Visual Studio Version 16
VisualStudioVersion = 16.0.31112.23
MinimumVisualStudioVersion = 10.0.40219.1
Project("{FAE04EC0-301F-11D3-BF4B-00C04F79EFBC}") = "MVC ADO .net", "MVC ADO .net\MVC ADO .net.csproj", "{72840E23-C773-4CC3-8C1A-B0D619706437}"
EndProject
Global
	GlobalSection(SolutionConfigurationPlatforms) = preSolution
		Debug|Any CPU = Debug|Any CPU
		Release|Any CPU = Release|Any CPU
	EndGlobalSection
	GlobalSection(ProjectConfigurationPlatforms) = postSolution
		{72840E23-C773-4CC3-8C1A-B0D619706437}.Debug|Any CPU.ActiveCfg = Debug|Any CPU
		{72840E23-C773-4CC3-8C1A-B0D619706437}.Debug|Any CPU.Build.0 = Debug|Any CPU
		{72840E23-C773-4CC3-8C1A-B0D619706437}.Release|Any CPU.ActiveCfg = Release|Any CPU
		{72840E23-C773-4CC3-8C1A-B0D619706437}.Release|Any CPU.Build.0 = Release|Any CPU
	EndGlobalSection
	GlobalSection(SolutionProperties) = preSolution
		HideSolutionNode = FALSE
	EndGlobalSection
	GlobalSection(ExtensibilityGlobals) = postSolution
		SolutionGuid = {17F8501E-0ACC-4237-BEAB-5F66C3588F81}
	EndGlobalSection
EndGlobal
